
Microsoft Visual Studio Solution File, Format Version 12.00
# Visual Studio Version 17
VisualStudioVersion = 17.8.34525.116
MinimumVisualStudioVersion = 10.0.40219.1
Project("{FAE04EC0-301F-11D3-BF4B-00C04F79EFBC}") = "Sparky", "Sparky\Sparky.csproj", "{72F3E810-AE1C-42AD-9D5A-F6A0502EEEC9}"
EndProject
Project("{FAE04EC0-301F-11D3-BF4B-00C04F79EFBC}") = "SparkyMSTest", "SparkyMSTest\SparkyMSTest.csproj", "{99B459F9-303F-4B9A-AEC4-984512B1413F}"
EndProject
Project("{FAE04EC0-301F-11D3-BF4B-00C04F79EFBC}") = "SparkyNUnitTest", "SparkyNUnitTest\SparkyNUnitTest.csproj", "{005037B9-584B-48CC-B646-C899DDFB03A7}"
EndProject
Global
	GlobalSection(SolutionConfigurationPlatforms) = preSolution
		Debug|Any CPU = Debug|Any CPU
		Release|Any CPU = Release|Any CPU
	EndGlobalSection
	GlobalSection(ProjectConfigurationPlatforms) = postSolution
		{72F3E810-AE1C-42AD-9D5A-F6A0502EEEC9}.Debug|Any CPU.ActiveCfg = Debug|Any CPU
		{72F3E810-AE1C-42AD-9D5A-F6A0502EEEC9}.Debug|Any CPU.Build.0 = Debug|Any CPU
		{72F3E810-AE1C-42AD-9D5A-F6A0502EEEC9}.Release|Any CPU.ActiveCfg = Release|Any CPU
		{72F3E810-AE1C-42AD-9D5A-F6A0502EEEC9}.Release|Any CPU.Build.0 = Release|Any CPU
		{99B459F9-303F-4B9A-AEC4-984512B1413F}.Debug|Any CPU.ActiveCfg = Debug|Any CPU
		{99B459F9-303F-4B9A-AEC4-984512B1413F}.Debug|Any CPU.Build.0 = Debug|Any CPU
		{99B459F9-303F-4B9A-AEC4-984512B1413F}.Release|Any CPU.ActiveCfg = Release|Any CPU
		{99B459F9-303F-4B9A-AEC4-984512B1413F}.Release|Any CPU.Build.0 = Release|Any CPU
		{005037B9-584B-48CC-B646-C899DDFB03A7}.Debug|Any CPU.ActiveCfg = Debug|Any CPU
		{005037B9-584B-48CC-B646-C899DDFB03A7}.Debug|Any CPU.Build.0 = Debug|Any CPU
		{005037B9-584B-48CC-B646-C899DDFB03A7}.Release|Any CPU.ActiveCfg = Release|Any CPU
		{005037B9-584B-48CC-B646-C899DDFB03A7}.Release|Any CPU.Build.0 = Release|Any CPU
	EndGlobalSection
	GlobalSection(SolutionProperties) = preSolution
		HideSolutionNode = FALSE
	EndGlobalSection
	GlobalSection(ExtensibilityGlobals) = postSolution
		SolutionGuid = {D00409A5-48A6-4FF2-88F9-C4A1AA838313}
	EndGlobalSection
EndGlobal
